
Microsoft Visual Studio Solution File, Format Version 12.00
# Visual Studio 15
VisualStudioVersion = 15.0.28307.168
MinimumVisualStudioVersion = 10.0.40219.1
Project("{FAE04EC0-301F-11D3-BF4B-00C04F79EFBC}") = "AccountingInterfaceTokenManager", "AccountingInterfaceTokenManager\AccountingInterfaceTokenManager.csproj", "{BCC23EFE-9D58-45DA-99E9-392B6FADC064}"
EndProject
Project("{FAE04EC0-301F-11D3-BF4B-00C04F79EFBC}") = "TestToken", "TestToken\TestToken.csproj", "{3BD577E9-26CB-4E9E-A367-5AF00E47A870}"
EndProject
Global
	GlobalSection(SolutionConfigurationPlatforms) = preSolution
		Debug|Any CPU = Debug|Any CPU
		Release|Any CPU = Release|Any CPU
	EndGlobalSection
	GlobalSection(ProjectConfigurationPlatforms) = postSolution
		{BCC23EFE-9D58-45DA-99E9-392B6FADC064}.Debug|Any CPU.ActiveCfg = Debug|Any CPU
		{BCC23EFE-9D58-45DA-99E9-392B6FADC064}.Debug|Any CPU.Build.0 = Debug|Any CPU
		{BCC23EFE-9D58-45DA-99E9-392B6FADC064}.Release|Any CPU.ActiveCfg = Release|Any CPU
		{BCC23EFE-9D58-45DA-99E9-392B6FADC064}.Release|Any CPU.Build.0 = Release|Any CPU
		{3BD577E9-26CB-4E9E-A367-5AF00E47A870}.Debug|Any CPU.ActiveCfg = Debug|Any CPU
		{3BD577E9-26CB-4E9E-A367-5AF00E47A870}.Debug|Any CPU.Build.0 = Debug|Any CPU
		{3BD577E9-26CB-4E9E-A367-5AF00E47A870}.Release|Any CPU.ActiveCfg = Release|Any CPU
		{3BD577E9-26CB-4E9E-A367-5AF00E47A870}.Release|Any CPU.Build.0 = Release|Any CPU
	EndGlobalSection
	GlobalSection(SolutionProperties) = preSolution
		HideSolutionNode = FALSE
	EndGlobalSection
	GlobalSection(ExtensibilityGlobals) = postSolution
		SolutionGuid = {7650E81B-4A31-4774-9D76-E79DE8C65D24}
	EndGlobalSection
EndGlobal
